
Microsoft Visual Studio Solution File, Format Version 12.00
# Visual Studio Version 16
VisualStudioVersion = 16.0.29409.12
MinimumVisualStudioVersion = 10.0.40219.1
Project("{FAE04EC0-301F-11D3-BF4B-00C04F79EFBC}") = "httptest", "httptest\httptest.csproj", "{98BDF8F3-BC21-4701-AC18-7F3EF1D947F5}"
EndProject
Global
	GlobalSection(SolutionConfigurationPlatforms) = preSolution
		Debug|Any CPU = Debug|Any CPU
		Release|Any CPU = Release|Any CPU
	EndGlobalSection
	GlobalSection(ProjectConfigurationPlatforms) = postSolution
		{98BDF8F3-BC21-4701-AC18-7F3EF1D947F5}.Debug|Any CPU.ActiveCfg = Debug|Any CPU
		{98BDF8F3-BC21-4701-AC18-7F3EF1D947F5}.Debug|Any CPU.Build.0 = Debug|Any CPU
		{98BDF8F3-BC21-4701-AC18-7F3EF1D947F5}.Release|Any CPU.ActiveCfg = Release|Any CPU
		{98BDF8F3-BC21-4701-AC18-7F3EF1D947F5}.Release|Any CPU.Build.0 = Release|Any CPU
	EndGlobalSection
	GlobalSection(SolutionProperties) = preSolution
		HideSolutionNode = FALSE
	EndGlobalSection
	GlobalSection(ExtensibilityGlobals) = postSolution
		SolutionGuid = {D773FEE1-3797-4C1B-971A-F7863CD368F0}
	EndGlobalSection
EndGlobal
